
Microsoft Visual Studio Solution File, Format Version 12.00
# Visual Studio Version 16
VisualStudioVersion = 16.0.32002.261
MinimumVisualStudioVersion = 10.0.40219.1
Project("{FAE04EC0-301F-11D3-BF4B-00C04F79EFBC}") = "jobserviceEX", "jobserviceEX\jobserviceEX.csproj", "{F4309170-D388-4F7D-BF76-EC6358EA5DB6}"
EndProject
Global
	GlobalSection(SolutionConfigurationPlatforms) = preSolution
		Debug|Any CPU = Debug|Any CPU
		Release|Any CPU = Release|Any CPU
	EndGlobalSection
	GlobalSection(ProjectConfigurationPlatforms) = postSolution
		{F4309170-D388-4F7D-BF76-EC6358EA5DB6}.Debug|Any CPU.ActiveCfg = Debug|Any CPU
		{F4309170-D388-4F7D-BF76-EC6358EA5DB6}.Debug|Any CPU.Build.0 = Debug|Any CPU
		{F4309170-D388-4F7D-BF76-EC6358EA5DB6}.Debug|Any CPU.Deploy.0 = Debug|Any CPU
		{F4309170-D388-4F7D-BF76-EC6358EA5DB6}.Release|Any CPU.ActiveCfg = Release|Any CPU
		{F4309170-D388-4F7D-BF76-EC6358EA5DB6}.Release|Any CPU.Build.0 = Release|Any CPU
		{F4309170-D388-4F7D-BF76-EC6358EA5DB6}.Release|Any CPU.Deploy.0 = Release|Any CPU
	EndGlobalSection
	GlobalSection(SolutionProperties) = preSolution
		HideSolutionNode = FALSE
	EndGlobalSection
	GlobalSection(ExtensibilityGlobals) = postSolution
		SolutionGuid = {883F7BB5-AE66-40C1-8CF1-89ED1426E9E3}
	EndGlobalSection
EndGlobal
